
Microsoft Visual Studio Solution File, Format Version 12.00
# Visual Studio Version 16
VisualStudioVersion = 16.0.31321.278
MinimumVisualStudioVersion = 10.0.40219.1
Project("{FAE04EC0-301F-11D3-BF4B-00C04F79EFBC}") = "COMP_METHOD_Task01", "COMP_METHOD_Task01\COMP_METHOD_Task01.csproj", "{A96CD101-C7A1-4E42-B8A6-823A3AA7BA64}"
EndProject
Global
	GlobalSection(SolutionConfigurationPlatforms) = preSolution
		Debug|Any CPU = Debug|Any CPU
		Release|Any CPU = Release|Any CPU
	EndGlobalSection
	GlobalSection(ProjectConfigurationPlatforms) = postSolution
		{A96CD101-C7A1-4E42-B8A6-823A3AA7BA64}.Debug|Any CPU.ActiveCfg = Debug|Any CPU
		{A96CD101-C7A1-4E42-B8A6-823A3AA7BA64}.Debug|Any CPU.Build.0 = Debug|Any CPU
		{A96CD101-C7A1-4E42-B8A6-823A3AA7BA64}.Release|Any CPU.ActiveCfg = Release|Any CPU
		{A96CD101-C7A1-4E42-B8A6-823A3AA7BA64}.Release|Any CPU.Build.0 = Release|Any CPU
	EndGlobalSection
	GlobalSection(SolutionProperties) = preSolution
		HideSolutionNode = FALSE
	EndGlobalSection
	GlobalSection(ExtensibilityGlobals) = postSolution
		SolutionGuid = {AE8754AF-A199-4F01-824F-16B186782452}
	EndGlobalSection
EndGlobal
